
Microsoft Visual Studio Solution File, Format Version 12.00
# Visual Studio Version 17
VisualStudioVersion = 17.10.35027.167
MinimumVisualStudioVersion = 10.0.40219.1
Project("{FAE04EC0-301F-11D3-BF4B-00C04F79EFBC}") = "VIARO.API", "VIARO.API\VIARO.API.csproj", "{566FE308-487D-495C-ADC7-1B83D7B611F7}"
EndProject
Global
	GlobalSection(SolutionConfigurationPlatforms) = preSolution
		Debug|Any CPU = Debug|Any CPU
		Release|Any CPU = Release|Any CPU
	EndGlobalSection
	GlobalSection(ProjectConfigurationPlatforms) = postSolution
		{566FE308-487D-495C-ADC7-1B83D7B611F7}.Debug|Any CPU.ActiveCfg = Debug|Any CPU
		{566FE308-487D-495C-ADC7-1B83D7B611F7}.Debug|Any CPU.Build.0 = Debug|Any CPU
		{566FE308-487D-495C-ADC7-1B83D7B611F7}.Release|Any CPU.ActiveCfg = Release|Any CPU
		{566FE308-487D-495C-ADC7-1B83D7B611F7}.Release|Any CPU.Build.0 = Release|Any CPU
	EndGlobalSection
	GlobalSection(SolutionProperties) = preSolution
		HideSolutionNode = FALSE
	EndGlobalSection
	GlobalSection(ExtensibilityGlobals) = postSolution
		SolutionGuid = {62674339-B23A-485A-A32A-14D0941F64D2}
	EndGlobalSection
EndGlobal
